
Microsoft Visual Studio Solution File, Format Version 12.00
# Visual Studio Version 17
VisualStudioVersion = 17.8.34316.72
MinimumVisualStudioVersion = 10.0.40219.1
Project("{FAE04EC0-301F-11D3-BF4B-00C04F79EFBC}") = "For Loop", "For Loop\For Loop.csproj", "{AEA01E75-5C8A-4155-AF85-C087A64E5AA4}"
EndProject
Global
	GlobalSection(SolutionConfigurationPlatforms) = preSolution
		Debug|Any CPU = Debug|Any CPU
		Release|Any CPU = Release|Any CPU
	EndGlobalSection
	GlobalSection(ProjectConfigurationPlatforms) = postSolution
		{AEA01E75-5C8A-4155-AF85-C087A64E5AA4}.Debug|Any CPU.ActiveCfg = Debug|Any CPU
		{AEA01E75-5C8A-4155-AF85-C087A64E5AA4}.Debug|Any CPU.Build.0 = Debug|Any CPU
		{AEA01E75-5C8A-4155-AF85-C087A64E5AA4}.Release|Any CPU.ActiveCfg = Release|Any CPU
		{AEA01E75-5C8A-4155-AF85-C087A64E5AA4}.Release|Any CPU.Build.0 = Release|Any CPU
	EndGlobalSection
	GlobalSection(SolutionProperties) = preSolution
		HideSolutionNode = FALSE
	EndGlobalSection
	GlobalSection(ExtensibilityGlobals) = postSolution
		SolutionGuid = {F9C3D8FE-5C70-4A9B-A66F-B4F41AD45FBB}
	EndGlobalSection
EndGlobal
