
Microsoft Visual Studio Solution File, Format Version 12.00
# Visual Studio Version 17
VisualStudioVersion = 17.8.34316.72
MinimumVisualStudioVersion = 10.0.40219.1
Project("{FAE04EC0-301F-11D3-BF4B-00C04F79EFBC}") = "Statement Switch", "Statement Switch\Statement Switch.csproj", "{56116B70-C86A-430E-A9C6-38A737E3E494}"
EndProject
Global
	GlobalSection(SolutionConfigurationPlatforms) = preSolution
		Debug|Any CPU = Debug|Any CPU
		Release|Any CPU = Release|Any CPU
	EndGlobalSection
	GlobalSection(ProjectConfigurationPlatforms) = postSolution
		{56116B70-C86A-430E-A9C6-38A737E3E494}.Debug|Any CPU.ActiveCfg = Debug|Any CPU
		{56116B70-C86A-430E-A9C6-38A737E3E494}.Debug|Any CPU.Build.0 = Debug|Any CPU
		{56116B70-C86A-430E-A9C6-38A737E3E494}.Release|Any CPU.ActiveCfg = Release|Any CPU
		{56116B70-C86A-430E-A9C6-38A737E3E494}.Release|Any CPU.Build.0 = Release|Any CPU
	EndGlobalSection
	GlobalSection(SolutionProperties) = preSolution
		HideSolutionNode = FALSE
	EndGlobalSection
	GlobalSection(ExtensibilityGlobals) = postSolution
		SolutionGuid = {BC2E43F2-FF07-42A9-9E65-1276B859E165}
	EndGlobalSection
EndGlobal
